
Microsoft Visual Studio Solution File, Format Version 12.00
Project("{FAE04EC0-301F-11D3-BF4B-00C04F79EFBC}") = "RpgGame", "RpgGame\RpgGame.csproj", "{AFB0FD99-E595-4122-ACD1-AA55C20B580C}"
EndProject
Global
	GlobalSection(SolutionConfigurationPlatforms) = preSolution
		Debug|Any CPU = Debug|Any CPU
		Release|Any CPU = Release|Any CPU
	EndGlobalSection
	GlobalSection(ProjectConfigurationPlatforms) = postSolution
		{AFB0FD99-E595-4122-ACD1-AA55C20B580C}.Debug|Any CPU.ActiveCfg = Debug|Any CPU
		{AFB0FD99-E595-4122-ACD1-AA55C20B580C}.Debug|Any CPU.Build.0 = Debug|Any CPU
		{AFB0FD99-E595-4122-ACD1-AA55C20B580C}.Release|Any CPU.ActiveCfg = Release|Any CPU
		{AFB0FD99-E595-4122-ACD1-AA55C20B580C}.Release|Any CPU.Build.0 = Release|Any CPU
	EndGlobalSection
EndGlobal
